{
  "name": "simple-random-char",
  "version": "1.8.0",
  "lockfileVersion": 2,
  "requires": true,
  "packages": {
    "": {
      "name": "simple-random-char",
      "version": "1.8.0",
      "license": "ISC",
      "dependencies": {
        "simple-random-char": "^1.8.0",
        "voucher-code-generator": "^1.3.0"
      }
    },
    "node_modules/simple-random-char": {
      "version": "1.8.0",
      "resolved": "https://registry.npmjs.org/simple-random-char/-/simple-random-char-1.8.0.tgz",
      "integrity": "sha512-+Urk7ne1/SYOj+S1C47NSOwS6Z2Blct6lqkzUo8GJCHs7xBWG1vQhDMX5R69+2rZ4O1dRv0rFT5nRkKYimcFBA==",
      "dependencies": {
        "voucher-code-generator": "^1.3.0"
      }
    },
    "node_modules/voucher-code-generator": {
      "version": "1.3.0",
      "resolved": "https://registry.npmjs.org/voucher-code-generator/-/voucher-code-generator-1.3.0.tgz",
      "integrity": "sha512-t4wnI91KC58LtjX2I0rJDhRm1JTXD+G7A+7iqp0sRSgpeJP4eKLexDRDLe2nedR7xFQcVlZudDZRBLrMP5+KTA=="
    }
  },
  "dependencies": {
    "simple-random-char": {
      "version": "1.8.0",
      "resolved": "https://registry.npmjs.org/simple-random-char/-/simple-random-char-1.8.0.tgz",
      "integrity": "sha512-+Urk7ne1/SYOj+S1C47NSOwS6Z2Blct6lqkzUo8GJCHs7xBWG1vQhDMX5R69+2rZ4O1dRv0rFT5nRkKYimcFBA==",
      "requires": {
        "voucher-code-generator": "^1.3.0"
      }
    },
    "voucher-code-generator": {
      "version": "1.3.0",
      "resolved": "https://registry.npmjs.org/voucher-code-generator/-/voucher-code-generator-1.3.0.tgz",
      "integrity": "sha512-t4wnI91KC58LtjX2I0rJDhRm1JTXD+G7A+7iqp0sRSgpeJP4eKLexDRDLe2nedR7xFQcVlZudDZRBLrMP5+KTA=="
    }
  }
}
